
Microsoft Visual Studio Solution File, Format Version 12.00
# Visual Studio Version 17
VisualStudioVersion = 17.7.34031.279
MinimumVisualStudioVersion = 10.0.40219.1
Project("{9A19103F-16F7-4668-BE54-9A1E7A4F7556}") = "AppspaceChallenge.API", "AppspaceChallenge.API.csproj", "{F06CBDDE-7042-46AE-AD32-91EB36F2EF64}"
EndProject
Project("{9A19103F-16F7-4668-BE54-9A1E7A4F7556}") = "AppspaceChallenge.DataAccess", "..\AppspaceChallenge.DataAccess\AppspaceChallenge.DataAccess.csproj", "{50F817F2-1952-42A4-98A9-C42BFD9E2C98}"
EndProject
Project("{FAE04EC0-301F-11D3-BF4B-00C04F79EFBC}") = "AppspaceChallenge.DataAccess.Tests", "..\AppspaceChallenge.DataAccess.Tests\AppspaceChallenge.DataAccess.Tests.csproj", "{07014E9C-7C68-46F5-B93D-7E514407D85A}"
EndProject
Project("{FAE04EC0-301F-11D3-BF4B-00C04F79EFBC}") = "AppspaceChallenge.API.Tests", "..\AppspaceChallenge.API.Tests\AppspaceChallenge.API.Tests.csproj", "{CB19BC50-B1AA-4AFB-BEBD-F187A187F6BC}"
EndProject
Global
	GlobalSection(SolutionConfigurationPlatforms) = preSolution
		Debug|Any CPU = Debug|Any CPU
		Release|Any CPU = Release|Any CPU
	EndGlobalSection
	GlobalSection(ProjectConfigurationPlatforms) = postSolution
		{F06CBDDE-7042-46AE-AD32-91EB36F2EF64}.Debug|Any CPU.ActiveCfg = Debug|Any CPU
		{F06CBDDE-7042-46AE-AD32-91EB36F2EF64}.Debug|Any CPU.Build.0 = Debug|Any CPU
		{F06CBDDE-7042-46AE-AD32-91EB36F2EF64}.Release|Any CPU.ActiveCfg = Release|Any CPU
		{F06CBDDE-7042-46AE-AD32-91EB36F2EF64}.Release|Any CPU.Build.0 = Release|Any CPU
		{50F817F2-1952-42A4-98A9-C42BFD9E2C98}.Debug|Any CPU.ActiveCfg = Debug|Any CPU
		{50F817F2-1952-42A4-98A9-C42BFD9E2C98}.Debug|Any CPU.Build.0 = Debug|Any CPU
		{50F817F2-1952-42A4-98A9-C42BFD9E2C98}.Release|Any CPU.ActiveCfg = Release|Any CPU
		{50F817F2-1952-42A4-98A9-C42BFD9E2C98}.Release|Any CPU.Build.0 = Release|Any CPU
		{07014E9C-7C68-46F5-B93D-7E514407D85A}.Debug|Any CPU.ActiveCfg = Debug|Any CPU
		{07014E9C-7C68-46F5-B93D-7E514407D85A}.Debug|Any CPU.Build.0 = Debug|Any CPU
		{07014E9C-7C68-46F5-B93D-7E514407D85A}.Release|Any CPU.ActiveCfg = Release|Any CPU
		{07014E9C-7C68-46F5-B93D-7E514407D85A}.Release|Any CPU.Build.0 = Release|Any CPU
		{CB19BC50-B1AA-4AFB-BEBD-F187A187F6BC}.Debug|Any CPU.ActiveCfg = Debug|Any CPU
		{CB19BC50-B1AA-4AFB-BEBD-F187A187F6BC}.Debug|Any CPU.Build.0 = Debug|Any CPU
		{CB19BC50-B1AA-4AFB-BEBD-F187A187F6BC}.Release|Any CPU.ActiveCfg = Release|Any CPU
		{CB19BC50-B1AA-4AFB-BEBD-F187A187F6BC}.Release|Any CPU.Build.0 = Release|Any CPU
	EndGlobalSection
	GlobalSection(SolutionProperties) = preSolution
		HideSolutionNode = FALSE
	EndGlobalSection
	GlobalSection(ExtensibilityGlobals) = postSolution
		SolutionGuid = {E5633556-003A-4DD7-9C14-A7B6CDEAF899}
	EndGlobalSection
EndGlobal
